
Microsoft Visual Studio Solution File, Format Version 12.00
# Visual Studio 15
VisualStudioVersion = 15.0.27703.2026
MinimumVisualStudioVersion = 10.0.40219.1
Project("{8BC9CEB8-8B4A-11D0-8D11-00A0C91BC942}") = "hangman", "hangman.vcxproj", "{5728D901-A60D-4923-B52F-F6184BCFE1EF}"
EndProject
Global
	GlobalSection(SolutionConfigurationPlatforms) = preSolution
		Debug|x64 = Debug|x64
		Debug|x86 = Debug|x86
		Release|x64 = Release|x64
		Release|x86 = Release|x86
	EndGlobalSection
	GlobalSection(ProjectConfigurationPlatforms) = postSolution
		{5728D901-A60D-4923-B52F-F6184BCFE1EF}.Debug|x64.ActiveCfg = Debug|x64
		{5728D901-A60D-4923-B52F-F6184BCFE1EF}.Debug|x64.Build.0 = Debug|x64
		{5728D901-A60D-4923-B52F-F6184BCFE1EF}.Debug|x86.ActiveCfg = Debug|Win32
		{5728D901-A60D-4923-B52F-F6184BCFE1EF}.Debug|x86.Build.0 = Debug|Win32
		{5728D901-A60D-4923-B52F-F6184BCFE1EF}.Release|x64.ActiveCfg = Release|x64
		{5728D901-A60D-4923-B52F-F6184BCFE1EF}.Release|x64.Build.0 = Release|x64
		{5728D901-A60D-4923-B52F-F6184BCFE1EF}.Release|x86.ActiveCfg = Release|Win32
		{5728D901-A60D-4923-B52F-F6184BCFE1EF}.Release|x86.Build.0 = Release|Win32
	EndGlobalSection
	GlobalSection(SolutionProperties) = preSolution
		HideSolutionNode = FALSE
	EndGlobalSection
	GlobalSection(ExtensibilityGlobals) = postSolution
		SolutionGuid = {CA7AD795-1380-4EA4-996A-AFC4A5E15BB9}
	EndGlobalSection
EndGlobal
